// !$*UTF8*$!
{
	archiveVersion = 1;
	classes = {
	};
	objectVersion = 46;
	objects = {

/* Begin PBXBuildFile section */
		2D2B06461C636DDA0030F324 /* User.m in Sources */ = {isa = PBXBuildFile; fileRef = 2D2B06451C636DDA0030F324 /* User.m */; };
		2D2B06491C636DE40030F324 /* Team.m in Sources */ = {isa = PBXBuildFile; fileRef = 2D2B06481C636DE40030F324 /* Team.m */; };
		2D2B064C1C636E020030F324 /* Location.m in Sources */ = {isa = PBXBuildFile; fileRef = 2D2B064B1C636E020030F324 /* Location.m */; };
		2D2B064F1C6371E50030F324 /* Service.m in Sources */ = {isa = PBXBuildFile; fileRef = 2D2B064E1C6371E50030F324 /* Service.m */; };
		2D2B06521C637EF90030F324 /* BaseViewController.m in Sources */ = {isa = PBXBuildFile; fileRef = 2D2B06511C637EF90030F324 /* BaseViewController.m */; };
		2D3CC25E1C6361A10080AAA6 /* main.m in Sources */ = {isa = PBXBuildFile; fileRef = 2D3CC25D1C6361A10080AAA6 /* main.m */; };
		2D3CC2611C6361A10080AAA6 /* AppDelegate.m in Sources */ = {isa = PBXBuildFile; fileRef = 2D3CC2601C6361A10080AAA6 /* AppDelegate.m */; };
		2D3CC2641C6361A10080AAA6 /* LoginViewController.m in Sources */ = {isa = PBXBuildFile; fileRef = 2D3CC2631C6361A10080AAA6 /* LoginViewController.m */; };
		2D3CC2671C6361A10080AAA6 /* Main.storyboard in Resources */ = {isa = PBXBuildFile; fileRef = 2D3CC2651C6361A10080AAA6 /* Main.storyboard */; };
		2D3CC2691C6361A10080AAA6 /* Assets.xcassets in Resources */ = {isa = PBXBuildFile; fileRef = 2D3CC2681C6361A10080AAA6 /* Assets.xcassets */; };
		2D3CC26C1C6361A10080AAA6 /* LaunchScreen.storyboard in Resources */ = {isa = PBXBuildFile; fileRef = 2D3CC26A1C6361A10080AAA6 /* LaunchScreen.storyboard */; };
		2D3CC2761C63688F0080AAA6 /* ColleaguesViewController.m in Sources */ = {isa = PBXBuildFile; fileRef = 2D3CC2751C63688F0080AAA6 /* ColleaguesViewController.m */; };
		2D3CC2791C63689E0080AAA6 /* ColleagueDetailViewController.m in Sources */ = {isa = PBXBuildFile; fileRef = 2D3CC2781C63689E0080AAA6 /* ColleagueDetailViewController.m */; };
		2D3CC27D1C6369720080AAA6 /* ColleagueTableViewCell.m in Sources */ = {isa = PBXBuildFile; fileRef = 2D3CC27C1C6369720080AAA6 /* ColleagueTableViewCell.m */; };
		D91B73CF8AB5D9755D0F12D5 /* libPods-collyg.a in Frameworks */ = {isa = PBXBuildFile; fileRef = 4902DA8A63BBB0510BF86F3A /* libPods-collyg.a */; };
/* End PBXBuildFile section */

/* Begin PBXFileReference section */
		10E78F6CBF1C46520CFD9B5C /* Pods-collyg.release.xcconfig */ = {isa = PBXFileReference; includeInIndex = 1; lastKnownFileType = text.xcconfig; name = "Pods-collyg.release.xcconfig"; path = "Pods/Target Support Files/Pods-collyg/Pods-collyg.release.xcconfig"; sourceTree = "<group>"; };
		2D2B06441C636DDA0030F324 /* User.h */ = {isa = PBXFileReference; fileEncoding = 4; lastKnownFileType = sourcecode.c.h; name = User.h; path = Model/User.h; sourceTree = "<group>"; };
		2D2B06451C636DDA0030F324 /* User.m */ = {isa = PBXFileReference; fileEncoding = 4; lastKnownFileType = sourcecode.c.objc; name = User.m; path = Model/User.m; sourceTree = "<group>"; };
		2D2B06471C636DE40030F324 /* Team.h */ = {isa = PBXFileReference; fileEncoding = 4; lastKnownFileType = sourcecode.c.h; name = Team.h; path = Model/Team.h; sourceTree = "<group>"; };
		2D2B06481C636DE40030F324 /* Team.m */ = {isa = PBXFileReference; fileEncoding = 4; lastKnownFileType = sourcecode.c.objc; name = Team.m; path = Model/Team.m; sourceTree = "<group>"; };
		2D2B064A1C636E020030F324 /* Location.h */ = {isa = PBXFileReference; fileEncoding = 4; lastKnownFileType = sourcecode.c.h; name = Location.h; path = Model/Location.h; sourceTree = "<group>"; };
		2D2B064B1C636E020030F324 /* Location.m */ = {isa = PBXFileReference; fileEncoding = 4; lastKnownFileType = sourcecode.c.objc; name = Location.m; path = Model/Location.m; sourceTree = "<group>"; };
		2D2B064D1C6371E50030F324 /* Service.h */ = {isa = PBXFileReference; fileEncoding = 4; lastKnownFileType = sourcecode.c.h; name = Service.h; path = Services/Service.h; sourceTree = "<group>"; };
		2D2B064E1C6371E50030F324 /* Service.m */ = {isa = PBXFileReference; fileEncoding = 4; lastKnownFileType = sourcecode.c.objc; name = Service.m; path = Services/Service.m; sourceTree = "<group>"; };
		2D2B06501C637EF90030F324 /* BaseViewController.h */ = {isa = PBXFileReference; fileEncoding = 4; lastKnownFileType = sourcecode.c.h; path = BaseViewController.h; sourceTree = "<group>"; };
		2D2B06511C637EF90030F324 /* BaseViewController.m */ = {isa = PBXFileReference; fileEncoding = 4; lastKnownFileType = sourcecode.c.objc; path = BaseViewController.m; sourceTree = "<group>"; };
		2D3CC2591C6361A10080AAA6 /* collyg.app */ = {isa = PBXFileReference; explicitFileType = wrapper.application; includeInIndex = 0; path = collyg.app; sourceTree = BUILT_PRODUCTS_DIR; };
		2D3CC25D1C6361A10080AAA6 /* main.m */ = {isa = PBXFileReference; lastKnownFileType = sourcecode.c.objc; path = main.m; sourceTree = "<group>"; };
		2D3CC25F1C6361A10080AAA6 /* AppDelegate.h */ = {isa = PBXFileReference; lastKnownFileType = sourcecode.c.h; path = AppDelegate.h; sourceTree = "<group>"; };
		2D3CC2601C6361A10080AAA6 /* AppDelegate.m */ = {isa = PBXFileReference; lastKnownFileType = sourcecode.c.objc; path = AppDelegate.m; sourceTree = "<group>"; };
		2D3CC2621C6361A10080AAA6 /* LoginViewController.h */ = {isa = PBXFileReference; lastKnownFileType = sourcecode.c.h; path = LoginViewController.h; sourceTree = "<group>"; };
		2D3CC2631C6361A10080AAA6 /* LoginViewController.m */ = {isa = PBXFileReference; lastKnownFileType = sourcecode.c.objc; path = LoginViewController.m; sourceTree = "<group>"; };
		2D3CC2661C6361A10080AAA6 /* Base */ = {isa = PBXFileReference; lastKnownFileType = file.storyboard; name = Base; path = Base.lproj/Main.storyboard; sourceTree = "<group>"; };
		2D3CC2681C6361A10080AAA6 /* Assets.xcassets */ = {isa = PBXFileReference; lastKnownFileType = folder.assetcatalog; path = Assets.xcassets; sourceTree = "<group>"; };
		2D3CC26B1C6361A10080AAA6 /* Base */ = {isa = PBXFileReference; lastKnownFileType = file.storyboard; name = Base; path = Base.lproj/LaunchScreen.storyboard; sourceTree = "<group>"; };
		2D3CC26D1C6361A10080AAA6 /* Info.plist */ = {isa = PBXFileReference; lastKnownFileType = text.plist.xml; path = Info.plist; sourceTree = "<group>"; };
		2D3CC2741C63688F0080AAA6 /* ColleaguesViewController.h */ = {isa = PBXFileReference; fileEncoding = 4; lastKnownFileType = sourcecode.c.h; path = ColleaguesViewController.h; sourceTree = "<group>"; };
		2D3CC2751C63688F0080AAA6 /* ColleaguesViewController.m */ = {isa = PBXFileReference; fileEncoding = 4; lastKnownFileType = sourcecode.c.objc; path = ColleaguesViewController.m; sourceTree = "<group>"; };
		2D3CC2771C63689E0080AAA6 /* ColleagueDetailViewController.h */ = {isa = PBXFileReference; fileEncoding = 4; lastKnownFileType = sourcecode.c.h; path = ColleagueDetailViewController.h; sourceTree = "<group>"; };
		2D3CC2781C63689E0080AAA6 /* ColleagueDetailViewController.m */ = {isa = PBXFileReference; fileEncoding = 4; lastKnownFileType = sourcecode.c.objc; path = ColleagueDetailViewController.m; sourceTree = "<group>"; };
		2D3CC27B1C6369720080AAA6 /* ColleagueTableViewCell.h */ = {isa = PBXFileReference; fileEncoding = 4; lastKnownFileType = sourcecode.c.h; path = ColleagueTableViewCell.h; sourceTree = "<group>"; };
		2D3CC27C1C6369720080AAA6 /* ColleagueTableViewCell.m */ = {isa = PBXFileReference; fileEncoding = 4; lastKnownFileType = sourcecode.c.objc; path = ColleagueTableViewCell.m; sourceTree = "<group>"; };
		4902DA8A63BBB0510BF86F3A /* libPods-collyg.a */ = {isa = PBXFileReference; explicitFileType = archive.ar; includeInIndex = 0; path = "libPods-collyg.a"; sourceTree = BUILT_PRODUCTS_DIR; };
		DD1D2D337E5147DCCFEA7C8A /* Pods-collyg.debug.xcconfig */ = {isa = PBXFileReference; includeInIndex = 1; lastKnownFileType = text.xcconfig; name = "Pods-collyg.debug.xcconfig"; path = "Pods/Target Support Files/Pods-collyg/Pods-collyg.debug.xcconfig"; sourceTree = "<group>"; };
/* End PBXFileReference section */

/* Begin PBXFrameworksBuildPhase section */
		2D3CC2561C6361A10080AAA6 /* Frameworks */ = {
			isa = PBXFrameworksBuildPhase;
			buildActionMask = 2147483647;
			files = (
				D91B73CF8AB5D9755D0F12D5 /* libPods-collyg.a in Frameworks */,
			);
			runOnlyForDeploymentPostprocessing = 0;
		};
/* End PBXFrameworksBuildPhase section */

/* Begin PBXGroup section */
		2475A40FF8D10464E3FB612D /* Frameworks */ = {
			isa = PBXGroup;
			children = (
				4902DA8A63BBB0510BF86F3A /* libPods-collyg.a */,
			);
			name = Frameworks;
			sourceTree = "<group>";
		};
		2D2B06431C636DC80030F324 /* Model */ = {
			isa = PBXGroup;
			children = (
				2D2B06441C636DDA0030F324 /* User.h */,
				2D2B06451C636DDA0030F324 /* User.m */,
				2D2B06471C636DE40030F324 /* Team.h */,
				2D2B06481C636DE40030F324 /* Team.m */,
				2D2B064A1C636E020030F324 /* Location.h */,
				2D2B064B1C636E020030F324 /* Location.m */,
			);
			name = Model;
			sourceTree = "<group>";
		};
		2D3CC2501C6361A10080AAA6 = {
			isa = PBXGroup;
			children = (
				2D3CC25B1C6361A10080AAA6 /* collyg */,
				2D3CC25A1C6361A10080AAA6 /* Products */,
				A52ECDF00048A7574ADF8FA7 /* Pods */,
				2475A40FF8D10464E3FB612D /* Frameworks */,
			);
			sourceTree = "<group>";
		};
		2D3CC25A1C6361A10080AAA6 /* Products */ = {
			isa = PBXGroup;
			children = (
				2D3CC2591C6361A10080AAA6 /* collyg.app */,
			);
			name = Products;
			sourceTree = "<group>";
		};
		2D3CC25B1C6361A10080AAA6 /* collyg */ = {
			isa = PBXGroup;
			children = (
				2D2B06431C636DC80030F324 /* Model */,
				2D3CC27A1C63695C0080AAA6 /* Cells */,
				2D3CC2731C6368530080AAA6 /* ViewControllers */,
				2D3CC25F1C6361A10080AAA6 /* AppDelegate.h */,
				2D3CC2601C6361A10080AAA6 /* AppDelegate.m */,
				2D3CC2651C6361A10080AAA6 /* Main.storyboard */,
				2D3CC2681C6361A10080AAA6 /* Assets.xcassets */,
				2D3CC26A1C6361A10080AAA6 /* LaunchScreen.storyboard */,
				2D3CC26D1C6361A10080AAA6 /* Info.plist */,
				2D3CC25C1C6361A10080AAA6 /* Supporting Files */,
				2D2B064D1C6371E50030F324 /* Service.h */,
				2D2B064E1C6371E50030F324 /* Service.m */,
			);
			path = collyg;
			sourceTree = "<group>";
		};
		2D3CC25C1C6361A10080AAA6 /* Supporting Files */ = {
			isa = PBXGroup;
			children = (
				2D3CC25D1C6361A10080AAA6 /* main.m */,
			);
			name = "Supporting Files";
			sourceTree = "<group>";
		};
		2D3CC2731C6368530080AAA6 /* ViewControllers */ = {
			isa = PBXGroup;
			children = (
				2D3CC2621C6361A10080AAA6 /* LoginViewController.h */,
				2D3CC2631C6361A10080AAA6 /* LoginViewController.m */,
				2D3CC2741C63688F0080AAA6 /* ColleaguesViewController.h */,
				2D3CC2751C63688F0080AAA6 /* ColleaguesViewController.m */,
				2D3CC2771C63689E0080AAA6 /* ColleagueDetailViewController.h */,
				2D3CC2781C63689E0080AAA6 /* ColleagueDetailViewController.m */,
				2D2B06501C637EF90030F324 /* BaseViewController.h */,
				2D2B06511C637EF90030F324 /* BaseViewController.m */,
			);
			name = ViewControllers;
			sourceTree = "<group>";
		};
		2D3CC27A1C63695C0080AAA6 /* Cells */ = {
			isa = PBXGroup;
			children = (
				2D3CC27B1C6369720080AAA6 /* ColleagueTableViewCell.h */,
				2D3CC27C1C6369720080AAA6 /* ColleagueTableViewCell.m */,
			);
			name = Cells;
			sourceTree = "<group>";
		};
		A52ECDF00048A7574ADF8FA7 /* Pods */ = {
			isa = PBXGroup;
			children = (
				DD1D2D337E5147DCCFEA7C8A /* Pods-collyg.debug.xcconfig */,
				10E78F6CBF1C46520CFD9B5C /* Pods-collyg.release.xcconfig */,
			);
			name = Pods;
			sourceTree = "<group>";
		};
/* End PBXGroup section */

/* Begin PBXNativeTarget section */
		2D3CC2581C6361A10080AAA6 /* collyg */ = {
			isa = PBXNativeTarget;
			buildConfigurationList = 2D3CC2701C6361A10080AAA6 /* Build configuration list for PBXNativeTarget "collyg" */;
			buildPhases = (
				7E43DD88A0702AF9BCF6240C /* Check Pods Manifest.lock */,
				2D3CC2551C6361A10080AAA6 /* Sources */,
				2D3CC2561C6361A10080AAA6 /* Frameworks */,
				2D3CC2571C6361A10080AAA6 /* Resources */,
				FC0F487E77268E5A1529C313 /* Embed Pods Frameworks */,
				37A6ACFDB76E9266A9FDE796 /* Copy Pods Resources */,
			);
			buildRules = (
			);
			dependencies = (
			);
			name = collyg;
			productName = collyg;
			productReference = 2D3CC2591C6361A10080AAA6 /* collyg.app */;
			productType = "com.apple.product-type.application";
		};
/* End PBXNativeTarget section */

/* Begin PBXProject section */
		2D3CC2511C6361A10080AAA6 /* Project object */ = {
			isa = PBXProject;
			attributes = {
				LastUpgradeCheck = 0710;
				ORGANIZATIONNAME = Mediahuis;
				TargetAttributes = {
					2D3CC2581C6361A10080AAA6 = {
						CreatedOnToolsVersion = 7.1.1;
					};
				};
			};
			buildConfigurationList = 2D3CC2541C6361A10080AAA6 /* Build configuration list for PBXProject "collyg" */;
			compatibilityVersion = "Xcode 3.2";
			developmentRegion = English;
			hasScannedForEncodings = 0;
			knownRegions = (
				en,
				Base,
			);
			mainGroup = 2D3CC2501C6361A10080AAA6;
			productRefGroup = 2D3CC25A1C6361A10080AAA6 /* Products */;
			projectDirPath = "";
			projectRoot = "";
			targets = (
				2D3CC2581C6361A10080AAA6 /* collyg */,
			);
		};
/* End PBXProject section */

/* Begin PBXResourcesBuildPhase section */
		2D3CC2571C6361A10080AAA6 /* Resources */ = {
			isa = PBXResourcesBuildPhase;
			buildActionMask = 2147483647;
			files = (
				2D3CC26C1C6361A10080AAA6 /* LaunchScreen.storyboard in Resources */,
				2D3CC2691C6361A10080AAA6 /* Assets.xcassets in Resources */,
				2D3CC2671C6361A10080AAA6 /* Main.storyboard in Resources */,
			);
			runOnlyForDeploymentPostprocessing = 0;
		};
/* End PBXResourcesBuildPhase section */

/* Begin PBXShellScriptBuildPhase section */
		37A6ACFDB76E9266A9FDE796 /* Copy Pods Resources */ = {
			isa = PBXShellScriptBuildPhase;
			buildActionMask = 2147483647;
			files = (
			);
			inputPaths = (
			);
			name = "Copy Pods Resources";
			outputPaths = (
			);
			runOnlyForDeploymentPostprocessing = 0;
			shellPath = /bin/sh;
			shellScript = "\"${SRCROOT}/Pods/Target Support Files/Pods-collyg/Pods-collyg-resources.sh\"\n";
			showEnvVarsInLog = 0;
		};
		7E43DD88A0702AF9BCF6240C /* Check Pods Manifest.lock */ = {
			isa = PBXShellScriptBuildPhase;
			buildActionMask = 2147483647;
			files = (
			);
			inputPaths = (
			);
			name = "Check Pods Manifest.lock";
			outputPaths = (
			);
			runOnlyForDeploymentPostprocessing = 0;
			shellPath = /bin/sh;
			shellScript = "diff \"${PODS_ROOT}/../Podfile.lock\" \"${PODS_ROOT}/Manifest.lock\" > /dev/null\nif [[ $? != 0 ]] ; then\n    cat << EOM\nerror: The sandbox is not in sync with the Podfile.lock. Run 'pod install' or update your CocoaPods installation.\nEOM\n    exit 1\nfi\n";
			showEnvVarsInLog = 0;
		};
		FC0F487E77268E5A1529C313 /* Embed Pods Frameworks */ = {
			isa = PBXShellScriptBuildPhase;
			buildActionMask = 2147483647;
			files = (
			);
			inputPaths = (
			);
			name = "Embed Pods Frameworks";
			outputPaths = (
			);
			runOnlyForDeploymentPostprocessing = 0;
			shellPath = /bin/sh;
			shellScript = "\"${SRCROOT}/Pods/Target Support Files/Pods-collyg/Pods-collyg-frameworks.sh\"\n";
			showEnvVarsInLog = 0;
		};
/* End PBXShellScriptBuildPhase section */

/* Begin PBXSourcesBuildPhase section */
		2D3CC2551C6361A10080AAA6 /* Sources */ = {
			isa = PBXSourcesBuildPhase;
			buildActionMask = 2147483647;
			files = (
				2D2B06491C636DE40030F324 /* Team.m in Sources */,
				2D3CC2761C63688F0080AAA6 /* ColleaguesViewController.m in Sources */,
				2D2B06521C637EF90030F324 /* BaseViewController.m in Sources */,
				2D2B06461C636DDA0030F324 /* User.m in Sources */,
				2D3CC2641C6361A10080AAA6 /* LoginViewController.m in Sources */,
				2D2B064C1C636E020030F324 /* Location.m in Sources */,
				2D2B064F1C6371E50030F324 /* Service.m in Sources */,
				2D3CC2611C6361A10080AAA6 /* AppDelegate.m in Sources */,
				2D3CC25E1C6361A10080AAA6 /* main.m in Sources */,
				2D3CC2791C63689E0080AAA6 /* ColleagueDetailViewController.m in Sources */,
				2D3CC27D1C6369720080AAA6 /* ColleagueTableViewCell.m in Sources */,
			);
			runOnlyForDeploymentPostprocessing = 0;
		};
/* End PBXSourcesBuildPhase section */

/* Begin PBXVariantGroup section */
		2D3CC2651C6361A10080AAA6 /* Main.storyboard */ = {
			isa = PBXVariantGroup;
			children = (
				2D3CC2661C6361A10080AAA6 /* Base */,
			);
			name = Main.storyboard;
			sourceTree = "<group>";
		};
		2D3CC26A1C6361A10080AAA6 /* LaunchScreen.storyboard */ = {
			isa = PBXVariantGroup;
			children = (
				2D3CC26B1C6361A10080AAA6 /* Base */,
			);
			name = LaunchScreen.storyboard;
			sourceTree = "<group>";
		};
/* End PBXVariantGroup section */

/* Begin XCBuildConfiguration section */
		2D3CC26E1C6361A10080AAA6 /* Debug */ = {
			isa = XCBuildConfiguration;
			buildSettings = {
				ALWAYS_SEARCH_USER_PATHS = NO;
				CLANG_CXX_LANGUAGE_STANDARD = "gnu++0x";
				CLANG_CXX_LIBRARY = "libc++";
				CLANG_ENABLE_MODULES = YES;
				CLANG_ENABLE_OBJC_ARC = YES;
				CLANG_WARN_BOOL_CONVERSION = YES;
				CLANG_WARN_CONSTANT_CONVERSION = YES;
				CLANG_WARN_DIRECT_OBJC_ISA_USAGE = YES_ERROR;
				CLANG_WARN_EMPTY_BODY = YES;
				CLANG_WARN_ENUM_CONVERSION = YES;
				CLANG_WARN_INT_CONVERSION = YES;
				CLANG_WARN_OBJC_ROOT_CLASS = YES_ERROR;
				CLANG_WARN_UNREACHABLE_CODE = YES;
				CLANG_WARN__DUPLICATE_METHOD_MATCH = YES;
				"CODE_SIGN_IDENTITY[sdk=iphoneos*]" = "iPhone Developer";
				COPY_PHASE_STRIP = NO;
				DEBUG_INFORMATION_FORMAT = dwarf;
				ENABLE_STRICT_OBJC_MSGSEND = YES;
				ENABLE_TESTABILITY = YES;
				GCC_C_LANGUAGE_STANDARD = gnu99;
				GCC_DYNAMIC_NO_PIC = NO;
				GCC_NO_COMMON_BLOCKS = YES;
				GCC_OPTIMIZATION_LEVEL = 0;
				GCC_PREPROCESSOR_DEFINITIONS = (
					"DEBUG=1",
					"$(inherited)",
				);
				GCC_WARN_64_TO_32_BIT_CONVERSION = YES;
				GCC_WARN_ABOUT_RETURN_TYPE = YES_ERROR;
				GCC_WARN_UNDECLARED_SELECTOR = YES;
				GCC_WARN_UNINITIALIZED_AUTOS = YES_AGGRESSIVE;
				GCC_WARN_UNUSED_FUNCTION = YES;
				GCC_WARN_UNUSED_VARIABLE = YES;
				IPHONEOS_DEPLOYMENT_TARGET = 9.1;
				MTL_ENABLE_DEBUG_INFO = YES;
				ONLY_ACTIVE_ARCH = YES;
				SDKROOT = iphoneos;
				TARGETED_DEVICE_FAMILY = "1,2";
			};
			name = Debug;
		};
		2D3CC26F1C6361A10080AAA6 /* Release */ = {
			isa = XCBuildConfiguration;
			buildSettings = {
				ALWAYS_SEARCH_USER_PATHS = NO;
				CLANG_CXX_LANGUAGE_STANDARD = "gnu++0x";
				CLANG_CXX_LIBRARY = "libc++";
				CLANG_ENABLE_MODULES = YES;
				CLANG_ENABLE_OBJC_ARC = YES;
				CLANG_WARN_BOOL_CONVERSION = YES;
				CLANG_WARN_CONSTANT_CONVERSION = YES;
				CLANG_WARN_DIRECT_OBJC_ISA_USAGE = YES_ERROR;
				CLANG_WARN_EMPTY_BODY = YES;
				CLANG_WARN_ENUM_CONVERSION = YES;
				CLANG_WARN_INT_CONVERSION = YES;
				CLANG_WARN_OBJC_ROOT_CLASS = YES_ERROR;
				CLANG_WARN_UNREACHABLE_CODE = YES;
				CLANG_WARN__DUPLICATE_METHOD_MATCH = YES;
				"CODE_SIGN_IDENTITY[sdk=iphoneos*]" = "iPhone Developer";
				COPY_PHASE_STRIP = NO;
				DEBUG_INFORMATION_FORMAT = "dwarf-with-dsym";
				ENABLE_NS_ASSERTIONS = NO;
				ENABLE_STRICT_OBJC_MSGSEND = YES;
				GCC_C_LANGUAGE_STANDARD = gnu99;
				GCC_NO_COMMON_BLOCKS = YES;
				GCC_WARN_64_TO_32_BIT_CONVERSION = YES;
				GCC_WARN_ABOUT_RETURN_TYPE = YES_ERROR;
				GCC_WARN_UNDECLARED_SELECTOR = YES;
				GCC_WARN_UNINITIALIZED_AUTOS = YES_AGGRESSIVE;
				GCC_WARN_UNUSED_FUNCTION = YES;
				GCC_WARN_UNUSED_VARIABLE = YES;
				IPHONEOS_DEPLOYMENT_TARGET = 9.1;
				MTL_ENABLE_DEBUG_INFO = NO;
				SDKROOT = iphoneos;
				TARGETED_DEVICE_FAMILY = "1,2";
				VALIDATE_PRODUCT = YES;
			};
			name = Release;
		};
		2D3CC2711C6361A10080AAA6 /* Debug */ = {
			isa = XCBuildConfiguration;
			baseConfigurationReference = DD1D2D337E5147DCCFEA7C8A /* Pods-collyg.debug.xcconfig */;
			buildSettings = {
				ASSETCATALOG_COMPILER_APPICON_NAME = AppIcon;
				INFOPLIST_FILE = collyg/Info.plist;
				IPHONEOS_DEPLOYMENT_TARGET = 8.0;
				LD_RUNPATH_SEARCH_PATHS = "$(inherited) @executable_path/Frameworks";
				PRODUCT_BUNDLE_IDENTIFIER = be.mediahuis.collyg;
				PRODUCT_NAME = "$(TARGET_NAME)";
			};
			name = Debug;
		};
		2D3CC2721C6361A10080AAA6 /* Release */ = {
			isa = XCBuildConfiguration;
			baseConfigurationReference = 10E78F6CBF1C46520CFD9B5C /* Pods-collyg.release.xcconfig */;
			buildSettings = {
				ASSETCATALOG_COMPILER_APPICON_NAME = AppIcon;
				INFOPLIST_FILE = collyg/Info.plist;
				IPHONEOS_DEPLOYMENT_TARGET = 8.0;
				LD_RUNPATH_SEARCH_PATHS = "$(inherited) @executable_path/Frameworks";
				PRODUCT_BUNDLE_IDENTIFIER = be.mediahuis.collyg;
				PRODUCT_NAME = "$(TARGET_NAME)";
			};
			name = Release;
		};
/* End XCBuildConfiguration section */

/* Begin XCConfigurationList section */
		2D3CC2541C6361A10080AAA6 /* Build configuration list for PBXProject "collyg" */ = {
			isa = XCConfigurationList;
			buildConfigurations = (
				2D3CC26E1C6361A10080AAA6 /* Debug */,
				2D3CC26F1C6361A10080AAA6 /* Release */,
			);
			defaultConfigurationIsVisible = 0;
			defaultConfigurationName = Release;
		};
		2D3CC2701C6361A10080AAA6 /* Build configuration list for PBXNativeTarget "collyg" */ = {
			isa = XCConfigurationList;
			buildConfigurations = (
				2D3CC2711C6361A10080AAA6 /* Debug */,
				2D3CC2721C6361A10080AAA6 /* Release */,
			);
			defaultConfigurationIsVisible = 0;
			defaultConfigurationName = Release;
		};
/* End XCConfigurationList section */
	};
	rootObject = 2D3CC2511C6361A10080AAA6 /* Project object */;
}
